// !$*UTF8*$!
{
	archiveVersion = 1;
	classes = {
	};
	objectVersion = 48;
	objects = {

/* Begin PBXBuildFile section */
		026F16A220306E4100C5236C /* AppDelegate.swift in Sources */ = {isa = PBXBuildFile; fileRef = 026F16A120306E4100C5236C /* AppDelegate.swift */; };
		026F16A420306E4100C5236C /* ViewController.swift in Sources */ = {isa = PBXBuildFile; fileRef = 026F16A320306E4100C5236C /* ViewController.swift */; };
		026F16A720306E4100C5236C /* Main.storyboard in Resources */ = {isa = PBXBuildFile; fileRef = 026F16A520306E4100C5236C /* Main.storyboard */; };
		026F16A920306E4100C5236C /* Assets.xcassets in Resources */ = {isa = PBXBuildFile; fileRef = 026F16A820306E4100C5236C /* Assets.xcassets */; };
		026F16AC20306E4100C5236C /* LaunchScreen.storyboard in Resources */ = {isa = PBXBuildFile; fileRef = 026F16AA20306E4100C5236C /* LaunchScreen.storyboard */; };
		026F16B720306E4200C5236C /* Jerry_i_YakalaTests.swift in Sources */ = {isa = PBXBuildFile; fileRef = 026F16B620306E4200C5236C /* Jerry_i_YakalaTests.swift */; };
		026F16C220306E4200C5236C /* Jerry_i_YakalaUITests.swift in Sources */ = {isa = PBXBuildFile; fileRef = 026F16C120306E4200C5236C /* Jerry_i_YakalaUITests.swift */; };
		026F16D020306F3F00C5236C /* jerry.png in Resources */ = {isa = PBXBuildFile; fileRef = 026F16CF20306F3F00C5236C /* jerry.png */; };
/* End PBXBuildFile section */

/* Begin PBXContainerItemProxy section */
		026F16B320306E4100C5236C /* PBXContainerItemProxy */ = {
			isa = PBXContainerItemProxy;
			containerPortal = 026F169620306E4000C5236C /* Project object */;
			proxyType = 1;
			remoteGlobalIDString = 026F169D20306E4000C5236C;
			remoteInfo = "Jerry'i Yakala";
		};
		026F16BE20306E4200C5236C /* PBXContainerItemProxy */ = {
			isa = PBXContainerItemProxy;
			containerPortal = 026F169620306E4000C5236C /* Project object */;
			proxyType = 1;
			remoteGlobalIDString = 026F169D20306E4000C5236C;
			remoteInfo = "Jerry'i Yakala";
		};
/* End PBXContainerItemProxy section */

/* Begin PBXFileReference section */
		026F169E20306E4000C5236C /* Jerry'i Yakala.app */ = {isa = PBXFileReference; explicitFileType = wrapper.application; includeInIndex = 0; path = "Jerry'i Yakala.app"; sourceTree = BUILT_PRODUCTS_DIR; };
		026F16A120306E4100C5236C /* AppDelegate.swift */ = {isa = PBXFileReference; lastKnownFileType = sourcecode.swift; path = AppDelegate.swift; sourceTree = "<group>"; };
		026F16A320306E4100C5236C /* ViewController.swift */ = {isa = PBXFileReference; lastKnownFileType = sourcecode.swift; path = ViewController.swift; sourceTree = "<group>"; };
		026F16A620306E4100C5236C /* Base */ = {isa = PBXFileReference; lastKnownFileType = file.storyboard; name = Base; path = Base.lproj/Main.storyboard; sourceTree = "<group>"; };
		026F16A820306E4100C5236C /* Assets.xcassets */ = {isa = PBXFileReference; lastKnownFileType = folder.assetcatalog; path = Assets.xcassets; sourceTree = "<group>"; };
		026F16AB20306E4100C5236C /* Base */ = {isa = PBXFileReference; lastKnownFileType = file.storyboard; name = Base; path = Base.lproj/LaunchScreen.storyboard; sourceTree = "<group>"; };
		026F16AD20306E4100C5236C /* Info.plist */ = {isa = PBXFileReference; lastKnownFileType = text.plist.xml; path = Info.plist; sourceTree = "<group>"; };
		026F16B220306E4100C5236C /* Jerry'i YakalaTests.xctest */ = {isa = PBXFileReference; explicitFileType = wrapper.cfbundle; includeInIndex = 0; path = "Jerry'i YakalaTests.xctest"; sourceTree = BUILT_PRODUCTS_DIR; };
		026F16B620306E4200C5236C /* Jerry_i_YakalaTests.swift */ = {isa = PBXFileReference; lastKnownFileType = sourcecode.swift; path = Jerry_i_YakalaTests.swift; sourceTree = "<group>"; };
		026F16B820306E4200C5236C /* Info.plist */ = {isa = PBXFileReference; lastKnownFileType = text.plist.xml; path = Info.plist; sourceTree = "<group>"; };
		026F16BD20306E4200C5236C /* Jerry'i YakalaUITests.xctest */ = {isa = PBXFileReference; explicitFileType = wrapper.cfbundle; includeInIndex = 0; path = "Jerry'i YakalaUITests.xctest"; sourceTree = BUILT_PRODUCTS_DIR; };
		026F16C120306E4200C5236C /* Jerry_i_YakalaUITests.swift */ = {isa = PBXFileReference; lastKnownFileType = sourcecode.swift; path = Jerry_i_YakalaUITests.swift; sourceTree = "<group>"; };
		026F16C320306E4200C5236C /* Info.plist */ = {isa = PBXFileReference; lastKnownFileType = text.plist.xml; path = Info.plist; sourceTree = "<group>"; };
		026F16CF20306F3F00C5236C /* jerry.png */ = {isa = PBXFileReference; lastKnownFileType = image.png; path = jerry.png; sourceTree = "<group>"; };
/* End PBXFileReference section */

/* Begin PBXFrameworksBuildPhase section */
		026F169B20306E4000C5236C /* Frameworks */ = {
			isa = PBXFrameworksBuildPhase;
			buildActionMask = 2147483647;
			files = (
			);
			runOnlyForDeploymentPostprocessing = 0;
		};
		026F16AF20306E4100C5236C /* Frameworks */ = {
			isa = PBXFrameworksBuildPhase;
			buildActionMask = 2147483647;
			files = (
			);
			runOnlyForDeploymentPostprocessing = 0;
		};
		026F16BA20306E4200C5236C /* Frameworks */ = {
			isa = PBXFrameworksBuildPhase;
			buildActionMask = 2147483647;
			files = (
			);
			runOnlyForDeploymentPostprocessing = 0;
		};
/* End PBXFrameworksBuildPhase section */

/* Begin PBXGroup section */
		026F169520306E4000C5236C = {
			isa = PBXGroup;
			children = (
				026F16A020306E4100C5236C /* Jerry'i Yakala */,
				026F16B520306E4100C5236C /* Jerry'i YakalaTests */,
				026F16C020306E4200C5236C /* Jerry'i YakalaUITests */,
				026F169F20306E4000C5236C /* Products */,
			);
			sourceTree = "<group>";
		};
		026F169F20306E4000C5236C /* Products */ = {
			isa = PBXGroup;
			children = (
				026F169E20306E4000C5236C /* Jerry'i Yakala.app */,
				026F16B220306E4100C5236C /* Jerry'i YakalaTests.xctest */,
				026F16BD20306E4200C5236C /* Jerry'i YakalaUITests.xctest */,
			);
			name = Products;
			sourceTree = "<group>";
		};
		026F16A020306E4100C5236C /* Jerry'i Yakala */ = {
			isa = PBXGroup;
			children = (
				026F16CF20306F3F00C5236C /* jerry.png */,
				026F16A120306E4100C5236C /* AppDelegate.swift */,
				026F16A320306E4100C5236C /* ViewController.swift */,
				026F16A520306E4100C5236C /* Main.storyboard */,
				026F16A820306E4100C5236C /* Assets.xcassets */,
				026F16AA20306E4100C5236C /* LaunchScreen.storyboard */,
				026F16AD20306E4100C5236C /* Info.plist */,
			);
			path = "Jerry'i Yakala";
			sourceTree = "<group>";
		};
		026F16B520306E4100C5236C /* Jerry'i YakalaTests */ = {
			isa = PBXGroup;
			children = (
				026F16B620306E4200C5236C /* Jerry_i_YakalaTests.swift */,
				026F16B820306E4200C5236C /* Info.plist */,
			);
			path = "Jerry'i YakalaTests";
			sourceTree = "<group>";
		};
		026F16C020306E4200C5236C /* Jerry'i YakalaUITests */ = {
			isa = PBXGroup;
			children = (
				026F16C120306E4200C5236C /* Jerry_i_YakalaUITests.swift */,
				026F16C320306E4200C5236C /* Info.plist */,
			);
			path = "Jerry'i YakalaUITests";
			sourceTree = "<group>";
		};
/* End PBXGroup section */

/* Begin PBXNativeTarget section */
		026F169D20306E4000C5236C /* Jerry'i Yakala */ = {
			isa = PBXNativeTarget;
			buildConfigurationList = 026F16C620306E4200C5236C /* Build configuration list for PBXNativeTarget "Jerry'i Yakala" */;
			buildPhases = (
				026F169A20306E4000C5236C /* Sources */,
				026F169B20306E4000C5236C /* Frameworks */,
				026F169C20306E4000C5236C /* Resources */,
			);
			buildRules = (
			);
			dependencies = (
			);
			name = "Jerry'i Yakala";
			productName = "Jerry'i Yakala";
			productReference = 026F169E20306E4000C5236C /* Jerry'i Yakala.app */;
			productType = "com.apple.product-type.application";
		};
		026F16B120306E4100C5236C /* Jerry'i YakalaTests */ = {
			isa = PBXNativeTarget;
			buildConfigurationList = 026F16C920306E4200C5236C /* Build configuration list for PBXNativeTarget "Jerry'i YakalaTests" */;
			buildPhases = (
				026F16AE20306E4100C5236C /* Sources */,
				026F16AF20306E4100C5236C /* Frameworks */,
				026F16B020306E4100C5236C /* Resources */,
			);
			buildRules = (
			);
			dependencies = (
				026F16B420306E4100C5236C /* PBXTargetDependency */,
			);
			name = "Jerry'i YakalaTests";
			productName = "Jerry'i YakalaTests";
			productReference = 026F16B220306E4100C5236C /* Jerry'i YakalaTests.xctest */;
			productType = "com.apple.product-type.bundle.unit-test";
		};
		026F16BC20306E4200C5236C /* Jerry'i YakalaUITests */ = {
			isa = PBXNativeTarget;
			buildConfigurationList = 026F16CC20306E4200C5236C /* Build configuration list for PBXNativeTarget "Jerry'i YakalaUITests" */;
			buildPhases = (
				026F16B920306E4200C5236C /* Sources */,
				026F16BA20306E4200C5236C /* Frameworks */,
				026F16BB20306E4200C5236C /* Resources */,
			);
			buildRules = (
			);
			dependencies = (
				026F16BF20306E4200C5236C /* PBXTargetDependency */,
			);
			name = "Jerry'i YakalaUITests";
			productName = "Jerry'i YakalaUITests";
			productReference = 026F16BD20306E4200C5236C /* Jerry'i YakalaUITests.xctest */;
			productType = "com.apple.product-type.bundle.ui-testing";
		};
/* End PBXNativeTarget section */

/* Begin PBXProject section */
		026F169620306E4000C5236C /* Project object */ = {
			isa = PBXProject;
			attributes = {
				LastSwiftUpdateCheck = 0920;
				LastUpgradeCheck = 0920;
				ORGANIZATIONNAME = "Mert Yiğit";
				TargetAttributes = {
					026F169D20306E4000C5236C = {
						CreatedOnToolsVersion = 9.2;
						ProvisioningStyle = Automatic;
					};
					026F16B120306E4100C5236C = {
						CreatedOnToolsVersion = 9.2;
						ProvisioningStyle = Automatic;
						TestTargetID = 026F169D20306E4000C5236C;
					};
					026F16BC20306E4200C5236C = {
						CreatedOnToolsVersion = 9.2;
						ProvisioningStyle = Automatic;
						TestTargetID = 026F169D20306E4000C5236C;
					};
				};
			};
			buildConfigurationList = 026F169920306E4000C5236C /* Build configuration list for PBXProject "Jerry'i Yakala" */;
			compatibilityVersion = "Xcode 8.0";
			developmentRegion = en;
			hasScannedForEncodings = 0;
			knownRegions = (
				en,
				Base,
			);
			mainGroup = 026F169520306E4000C5236C;
			productRefGroup = 026F169F20306E4000C5236C /* Products */;
			projectDirPath = "";
			projectRoot = "";
			targets = (
				026F169D20306E4000C5236C /* Jerry'i Yakala */,
				026F16B120306E4100C5236C /* Jerry'i YakalaTests */,
				026F16BC20306E4200C5236C /* Jerry'i YakalaUITests */,
			);
		};
/* End PBXProject section */

/* Begin PBXResourcesBuildPhase section */
		026F169C20306E4000C5236C /* Resources */ = {
			isa = PBXResourcesBuildPhase;
			buildActionMask = 2147483647;
			files = (
				026F16D020306F3F00C5236C /* jerry.png in Resources */,
				026F16AC20306E4100C5236C /* LaunchScreen.storyboard in Resources */,
				026F16A920306E4100C5236C /* Assets.xcassets in Resources */,
				026F16A720306E4100C5236C /* Main.storyboard in Resources */,
			);
			runOnlyForDeploymentPostprocessing = 0;
		};
		026F16B020306E4100C5236C /* Resources */ = {
			isa = PBXResourcesBuildPhase;
			buildActionMask = 2147483647;
			files = (
			);
			runOnlyForDeploymentPostprocessing = 0;
		};
		026F16BB20306E4200C5236C /* Resources */ = {
			isa = PBXResourcesBuildPhase;
			buildActionMask = 2147483647;
			files = (
			);
			runOnlyForDeploymentPostprocessing = 0;
		};
/* End PBXResourcesBuildPhase section */

/* Begin PBXSourcesBuildPhase section */
		026F169A20306E4000C5236C /* Sources */ = {
			isa = PBXSourcesBuildPhase;
			buildActionMask = 2147483647;
			files = (
				026F16A420306E4100C5236C /* ViewController.swift in Sources */,
				026F16A220306E4100C5236C /* AppDelegate.swift in Sources */,
			);
			runOnlyForDeploymentPostprocessing = 0;
		};
		026F16AE20306E4100C5236C /* Sources */ = {
			isa = PBXSourcesBuildPhase;
			buildActionMask = 2147483647;
			files = (
				026F16B720306E4200C5236C /* Jerry_i_YakalaTests.swift in Sources */,
			);
			runOnlyForDeploymentPostprocessing = 0;
		};
		026F16B920306E4200C5236C /* Sources */ = {
			isa = PBXSourcesBuildPhase;
			buildActionMask = 2147483647;
			files = (
				026F16C220306E4200C5236C /* Jerry_i_YakalaUITests.swift in Sources */,
			);
			runOnlyForDeploymentPostprocessing = 0;
		};
/* End PBXSourcesBuildPhase section */

/* Begin PBXTargetDependency section */
		026F16B420306E4100C5236C /* PBXTargetDependency */ = {
			isa = PBXTargetDependency;
			target = 026F169D20306E4000C5236C /* Jerry'i Yakala */;
			targetProxy = 026F16B320306E4100C5236C /* PBXContainerItemProxy */;
		};
		026F16BF20306E4200C5236C /* PBXTargetDependency */ = {
			isa = PBXTargetDependency;
			target = 026F169D20306E4000C5236C /* Jerry'i Yakala */;
			targetProxy = 026F16BE20306E4200C5236C /* PBXContainerItemProxy */;
		};
/* End PBXTargetDependency section */

/* Begin PBXVariantGroup section */
		026F16A520306E4100C5236C /* Main.storyboard */ = {
			isa = PBXVariantGroup;
			children = (
				026F16A620306E4100C5236C /* Base */,
			);
			name = Main.storyboard;
			sourceTree = "<group>";
		};
		026F16AA20306E4100C5236C /* LaunchScreen.storyboard */ = {
			isa = PBXVariantGroup;
			children = (
				026F16AB20306E4100C5236C /* Base */,
			);
			name = LaunchScreen.storyboard;
			sourceTree = "<group>";
		};
/* End PBXVariantGroup section */

/* Begin XCBuildConfiguration section */
		026F16C420306E4200C5236C /* Debug */ = {
			isa = XCBuildConfiguration;
			buildSettings = {
				ALWAYS_SEARCH_USER_PATHS = NO;
				CLANG_ANALYZER_NONNULL = YES;
				CLANG_ANALYZER_NUMBER_OBJECT_CONVERSION = YES_AGGRESSIVE;
				CLANG_CXX_LANGUAGE_STANDARD = "gnu++14";
				CLANG_CXX_LIBRARY = "libc++";
				CLANG_ENABLE_MODULES = YES;
				CLANG_ENABLE_OBJC_ARC = YES;
				CLANG_WARN_BLOCK_CAPTURE_AUTORELEASING = YES;
				CLANG_WARN_BOOL_CONVERSION = YES;
				CLANG_WARN_COMMA = YES;
				CLANG_WARN_CONSTANT_CONVERSION = YES;
				CLANG_WARN_DIRECT_OBJC_ISA_USAGE = YES_ERROR;
				CLANG_WARN_DOCUMENTATION_COMMENTS = YES;
				CLANG_WARN_EMPTY_BODY = YES;
				CLANG_WARN_ENUM_CONVERSION = YES;
				CLANG_WARN_INFINITE_RECURSION = YES;
				CLANG_WARN_INT_CONVERSION = YES;
				CLANG_WARN_NON_LITERAL_NULL_CONVERSION = YES;
				CLANG_WARN_OBJC_LITERAL_CONVERSION = YES;
				CLANG_WARN_OBJC_ROOT_CLASS = YES_ERROR;
				CLANG_WARN_RANGE_LOOP_ANALYSIS = YES;
				CLANG_WARN_STRICT_PROTOTYPES = YES;
				CLANG_WARN_SUSPICIOUS_MOVE = YES;
				CLANG_WARN_UNGUARDED_AVAILABILITY = YES_AGGRESSIVE;
				CLANG_WARN_UNREACHABLE_CODE = YES;
				CLANG_WARN__DUPLICATE_METHOD_MATCH = YES;
				CODE_SIGN_IDENTITY = "iPhone Developer";
				COPY_PHASE_STRIP = NO;
				DEBUG_INFORMATION_FORMAT = dwarf;
				ENABLE_STRICT_OBJC_MSGSEND = YES;
				ENABLE_TESTABILITY = YES;
				GCC_C_LANGUAGE_STANDARD = gnu11;
				GCC_DYNAMIC_NO_PIC = NO;
				GCC_NO_COMMON_BLOCKS = YES;
				GCC_OPTIMIZATION_LEVEL = 0;
				GCC_PREPROCESSOR_DEFINITIONS = (
					"DEBUG=1",
					"$(inherited)",
				);
				GCC_WARN_64_TO_32_BIT_CONVERSION = YES;
				GCC_WARN_ABOUT_RETURN_TYPE = YES_ERROR;
				GCC_WARN_UNDECLARED_SELECTOR = YES;
				GCC_WARN_UNINITIALIZED_AUTOS = YES_AGGRESSIVE;
				GCC_WARN_UNUSED_FUNCTION = YES;
				GCC_WARN_UNUSED_VARIABLE = YES;
				IPHONEOS_DEPLOYMENT_TARGET = 11.2;
				MTL_ENABLE_DEBUG_INFO = YES;
				ONLY_ACTIVE_ARCH = YES;
				SDKROOT = iphoneos;
				SWIFT_ACTIVE_COMPILATION_CONDITIONS = DEBUG;
				SWIFT_OPTIMIZATION_LEVEL = "-Onone";
			};
			name = Debug;
		};
		026F16C520306E4200C5236C /* Release */ = {
			isa = XCBuildConfiguration;
			buildSettings = {
				ALWAYS_SEARCH_USER_PATHS = NO;
				CLANG_ANALYZER_NONNULL = YES;
				CLANG_ANALYZER_NUMBER_OBJECT_CONVERSION = YES_AGGRESSIVE;
				CLANG_CXX_LANGUAGE_STANDARD = "gnu++14";
				CLANG_CXX_LIBRARY = "libc++";
				CLANG_ENABLE_MODULES = YES;
				CLANG_ENABLE_OBJC_ARC = YES;
				CLANG_WARN_BLOCK_CAPTURE_AUTORELEASING = YES;
				CLANG_WARN_BOOL_CONVERSION = YES;
				CLANG_WARN_COMMA = YES;
				CLANG_WARN_CONSTANT_CONVERSION = YES;
				CLANG_WARN_DIRECT_OBJC_ISA_USAGE = YES_ERROR;
				CLANG_WARN_DOCUMENTATION_COMMENTS = YES;
				CLANG_WARN_EMPTY_BODY = YES;
				CLANG_WARN_ENUM_CONVERSION = YES;
				CLANG_WARN_INFINITE_RECURSION = YES;
				CLANG_WARN_INT_CONVERSION = YES;
				CLANG_WARN_NON_LITERAL_NULL_CONVERSION = YES;
				CLANG_WARN_OBJC_LITERAL_CONVERSION = YES;
				CLANG_WARN_OBJC_ROOT_CLASS = YES_ERROR;
				CLANG_WARN_RANGE_LOOP_ANALYSIS = YES;
				CLANG_WARN_STRICT_PROTOTYPES = YES;
				CLANG_WARN_SUSPICIOUS_MOVE = YES;
				CLANG_WARN_UNGUARDED_AVAILABILITY = YES_AGGRESSIVE;
				CLANG_WARN_UNREACHABLE_CODE = YES;
				CLANG_WARN__DUPLICATE_METHOD_MATCH = YES;
				CODE_SIGN_IDENTITY = "iPhone Developer";
				COPY_PHASE_STRIP = NO;
				DEBUG_INFORMATION_FORMAT = "dwarf-with-dsym";
				ENABLE_NS_ASSERTIONS = NO;
				ENABLE_STRICT_OBJC_MSGSEND = YES;
				GCC_C_LANGUAGE_STANDARD = gnu11;
				GCC_NO_COMMON_BLOCKS = YES;
				GCC_WARN_64_TO_32_BIT_CONVERSION = YES;
				GCC_WARN_ABOUT_RETURN_TYPE = YES_ERROR;
				GCC_WARN_UNDECLARED_SELECTOR = YES;
				GCC_WARN_UNINITIALIZED_AUTOS = YES_AGGRESSIVE;
				GCC_WARN_UNUSED_FUNCTION = YES;
				GCC_WARN_UNUSED_VARIABLE = YES;
				IPHONEOS_DEPLOYMENT_TARGET = 11.2;
				MTL_ENABLE_DEBUG_INFO = NO;
				SDKROOT = iphoneos;
				SWIFT_OPTIMIZATION_LEVEL = "-Owholemodule";
				VALIDATE_PRODUCT = YES;
			};
			name = Release;
		};
		026F16C720306E4200C5236C /* Debug */ = {
			isa = XCBuildConfiguration;
			buildSettings = {
				ASSETCATALOG_COMPILER_APPICON_NAME = AppIcon;
				CODE_SIGN_STYLE = Automatic;
				DEVELOPMENT_TEAM = "";
				INFOPLIST_FILE = "Jerry'i Yakala/Info.plist";
				IPHONEOS_DEPLOYMENT_TARGET = 11.0;
				LD_RUNPATH_SEARCH_PATHS = "$(inherited) @executable_path/Frameworks";
				PRODUCT_BUNDLE_IDENTIFIER = mertyigit.JerryiYakala;
				PRODUCT_NAME = "$(TARGET_NAME)";
				SWIFT_VERSION = 4.0;
				TARGETED_DEVICE_FAMILY = "1,2";
			};
			name = Debug;
		};
		026F16C820306E4200C5236C /* Release */ = {
			isa = XCBuildConfiguration;
			buildSettings = {
				ASSETCATALOG_COMPILER_APPICON_NAME = AppIcon;
				CODE_SIGN_STYLE = Automatic;
				DEVELOPMENT_TEAM = "";
				INFOPLIST_FILE = "Jerry'i Yakala/Info.plist";
				IPHONEOS_DEPLOYMENT_TARGET = 11.0;
				LD_RUNPATH_SEARCH_PATHS = "$(inherited) @executable_path/Frameworks";
				PRODUCT_BUNDLE_IDENTIFIER = mertyigit.JerryiYakala;
				PRODUCT_NAME = "$(TARGET_NAME)";
				SWIFT_VERSION = 4.0;
				TARGETED_DEVICE_FAMILY = "1,2";
			};
			name = Release;
		};
		026F16CA20306E4200C5236C /* Debug */ = {
			isa = XCBuildConfiguration;
			buildSettings = {
				ALWAYS_EMBED_SWIFT_STANDARD_LIBRARIES = YES;
				BUNDLE_LOADER = "$(TEST_HOST)";
				CODE_SIGN_STYLE = Automatic;
				INFOPLIST_FILE = "Jerry'i YakalaTests/Info.plist";
				LD_RUNPATH_SEARCH_PATHS = "$(inherited) @executable_path/Frameworks @loader_path/Frameworks";
				PRODUCT_BUNDLE_IDENTIFIER = "mertyigit.Jerry-i-YakalaTests";
				PRODUCT_NAME = "$(TARGET_NAME)";
				SWIFT_VERSION = 4.0;
				TARGETED_DEVICE_FAMILY = "1,2";
				TEST_HOST = "$(BUILT_PRODUCTS_DIR)/Jerry'i Yakala.app/Jerry'i Yakala";
			};
			name = Debug;
		};
		026F16CB20306E4200C5236C /* Release */ = {
			isa = XCBuildConfiguration;
			buildSettings = {
				ALWAYS_EMBED_SWIFT_STANDARD_LIBRARIES = YES;
				BUNDLE_LOADER = "$(TEST_HOST)";
				CODE_SIGN_STYLE = Automatic;
				INFOPLIST_FILE = "Jerry'i YakalaTests/Info.plist";
				LD_RUNPATH_SEARCH_PATHS = "$(inherited) @executable_path/Frameworks @loader_path/Frameworks";
				PRODUCT_BUNDLE_IDENTIFIER = "mertyigit.Jerry-i-YakalaTests";
				PRODUCT_NAME = "$(TARGET_NAME)";
				SWIFT_VERSION = 4.0;
				TARGETED_DEVICE_FAMILY = "1,2";
				TEST_HOST = "$(BUILT_PRODUCTS_DIR)/Jerry'i Yakala.app/Jerry'i Yakala";
			};
			name = Release;
		};
		026F16CD20306E4200C5236C /* Debug */ = {
			isa = XCBuildConfiguration;
			buildSettings = {
				ALWAYS_EMBED_SWIFT_STANDARD_LIBRARIES = YES;
				CODE_SIGN_STYLE = Automatic;
				INFOPLIST_FILE = "Jerry'i YakalaUITests/Info.plist";
				LD_RUNPATH_SEARCH_PATHS = "$(inherited) @executable_path/Frameworks @loader_path/Frameworks";
				PRODUCT_BUNDLE_IDENTIFIER = "mertyigit.Jerry-i-YakalaUITests";
				PRODUCT_NAME = "$(TARGET_NAME)";
				SWIFT_VERSION = 4.0;
				TARGETED_DEVICE_FAMILY = "1,2";
				TEST_TARGET_NAME = "Jerry'i Yakala";
			};
			name = Debug;
		};
		026F16CE20306E4200C5236C /* Release */ = {
			isa = XCBuildConfiguration;
			buildSettings = {
				ALWAYS_EMBED_SWIFT_STANDARD_LIBRARIES = YES;
				CODE_SIGN_STYLE = Automatic;
				INFOPLIST_FILE = "Jerry'i YakalaUITests/Info.plist";
				LD_RUNPATH_SEARCH_PATHS = "$(inherited) @executable_path/Frameworks @loader_path/Frameworks";
				PRODUCT_BUNDLE_IDENTIFIER = "mertyigit.Jerry-i-YakalaUITests";
				PRODUCT_NAME = "$(TARGET_NAME)";
				SWIFT_VERSION = 4.0;
				TARGETED_DEVICE_FAMILY = "1,2";
				TEST_TARGET_NAME = "Jerry'i Yakala";
			};
			name = Release;
		};
/* End XCBuildConfiguration section */

/* Begin XCConfigurationList section */
		026F169920306E4000C5236C /* Build configuration list for PBXProject "Jerry'i Yakala" */ = {
			isa = XCConfigurationList;
			buildConfigurations = (
				026F16C420306E4200C5236C /* Debug */,
				026F16C520306E4200C5236C /* Release */,
			);
			defaultConfigurationIsVisible = 0;
			defaultConfigurationName = Release;
		};
		026F16C620306E4200C5236C /* Build configuration list for PBXNativeTarget "Jerry'i Yakala" */ = {
			isa = XCConfigurationList;
			buildConfigurations = (
				026F16C720306E4200C5236C /* Debug */,
				026F16C820306E4200C5236C /* Release */,
			);
			defaultConfigurationIsVisible = 0;
			defaultConfigurationName = Release;
		};
		026F16C920306E4200C5236C /* Build configuration list for PBXNativeTarget "Jerry'i YakalaTests" */ = {
			isa = XCConfigurationList;
			buildConfigurations = (
				026F16CA20306E4200C5236C /* Debug */,
				026F16CB20306E4200C5236C /* Release */,
			);
			defaultConfigurationIsVisible = 0;
			defaultConfigurationName = Release;
		};
		026F16CC20306E4200C5236C /* Build configuration list for PBXNativeTarget "Jerry'i YakalaUITests" */ = {
			isa = XCConfigurationList;
			buildConfigurations = (
				026F16CD20306E4200C5236C /* Debug */,
				026F16CE20306E4200C5236C /* Release */,
			);
			defaultConfigurationIsVisible = 0;
			defaultConfigurationName = Release;
		};
/* End XCConfigurationList section */
	};
	rootObject = 026F169620306E4000C5236C /* Project object */;
}
